
Microsoft Visual Studio Solution File, Format Version 12.00
# Visual Studio 15
VisualStudioVersion = 15.0.27428.2043
MinimumVisualStudioVersion = 10.0.40219.1
Project("{9A19103F-16F7-4668-BE54-9A1E7A4F7556}") = "Strawpoll.Core", "Strawpoll.Core\Strawpoll.Core.csproj", "{CAB35691-BC69-48E5-9B49-539A87EBFAA3}"
EndProject
Project("{9A19103F-16F7-4668-BE54-9A1E7A4F7556}") = "Strawpoll.Tests", "Strawpoll.Tests\Strawpoll.Tests.csproj", "{EF9534F8-87FA-4E1C-8C1A-ED366307A6AE}"
EndProject
Global
	GlobalSection(SolutionConfigurationPlatforms) = preSolution
		Debug|Any CPU = Debug|Any CPU
		Release|Any CPU = Release|Any CPU
	EndGlobalSection
	GlobalSection(ProjectConfigurationPlatforms) = postSolution
		{CAB35691-BC69-48E5-9B49-539A87EBFAA3}.Debug|Any CPU.ActiveCfg = Debug|Any CPU
		{CAB35691-BC69-48E5-9B49-539A87EBFAA3}.Debug|Any CPU.Build.0 = Debug|Any CPU
		{CAB35691-BC69-48E5-9B49-539A87EBFAA3}.Release|Any CPU.ActiveCfg = Release|Any CPU
		{CAB35691-BC69-48E5-9B49-539A87EBFAA3}.Release|Any CPU.Build.0 = Release|Any CPU
		{EF9534F8-87FA-4E1C-8C1A-ED366307A6AE}.Debug|Any CPU.ActiveCfg = Debug|Any CPU
		{EF9534F8-87FA-4E1C-8C1A-ED366307A6AE}.Debug|Any CPU.Build.0 = Debug|Any CPU
		{EF9534F8-87FA-4E1C-8C1A-ED366307A6AE}.Release|Any CPU.ActiveCfg = Release|Any CPU
		{EF9534F8-87FA-4E1C-8C1A-ED366307A6AE}.Release|Any CPU.Build.0 = Release|Any CPU
	EndGlobalSection
	GlobalSection(SolutionProperties) = preSolution
		HideSolutionNode = FALSE
	EndGlobalSection
	GlobalSection(ExtensibilityGlobals) = postSolution
		SolutionGuid = {8A36B6B9-D32E-4F1B-A7FD-5A7DCE30AED1}
	EndGlobalSection
EndGlobal
